// !$*UTF8*$!
{
	archiveVersion = 1;
	classes = {
	};
	objectVersion = 55;
	objects = {

/* Begin PBXBuildFile section */
		090243C8277DB8D0001C76A7 /* WizzApp.swift in Sources */ = {isa = PBXBuildFile; fileRef = 090243C7277DB8D0001C76A7 /* WizzApp.swift */; };
		090243CA277DB8D0001C76A7 /* ContentView.swift in Sources */ = {isa = PBXBuildFile; fileRef = 090243C9277DB8D0001C76A7 /* ContentView.swift */; };
		090243CC277DB8D3001C76A7 /* Assets.xcassets in Resources */ = {isa = PBXBuildFile; fileRef = 090243CB277DB8D3001C76A7 /* Assets.xcassets */; };
		090243CF277DB8D3001C76A7 /* Preview Assets.xcassets in Resources */ = {isa = PBXBuildFile; fileRef = 090243CE277DB8D3001C76A7 /* Preview Assets.xcassets */; };
		090243DE277DC536001C76A7 /* TodaysListMasterDetailView.swift in Sources */ = {isa = PBXBuildFile; fileRef = 090243DD277DC536001C76A7 /* TodaysListMasterDetailView.swift */; };
		090243E0277DC555001C76A7 /* SearchPhotosMasterDetailView.swift in Sources */ = {isa = PBXBuildFile; fileRef = 090243DF277DC555001C76A7 /* SearchPhotosMasterDetailView.swift */; };
		090243F0277DCF5A001C76A7 /* photosData.json in Resources */ = {isa = PBXBuildFile; fileRef = 090243EF277DCF5A001C76A7 /* photosData.json */; };
		090243F6277DEE66001C76A7 /* FetchPhotosInterface.swift in Sources */ = {isa = PBXBuildFile; fileRef = 090243F5277DEE66001C76A7 /* FetchPhotosInterface.swift */; };
		090243F8277DEEDA001C76A7 /* PhotoEntity.swift in Sources */ = {isa = PBXBuildFile; fileRef = 090243F7277DEEDA001C76A7 /* PhotoEntity.swift */; };
		090243FA277DEFCB001C76A7 /* UserEntity.swift in Sources */ = {isa = PBXBuildFile; fileRef = 090243F9277DEFCB001C76A7 /* UserEntity.swift */; };
		090243FC277DF021001C76A7 /* PhotosUseCase.swift in Sources */ = {isa = PBXBuildFile; fileRef = 090243FB277DF021001C76A7 /* PhotosUseCase.swift */; };
		090243FE277DF5F3001C76A7 /* TodaysListViewModel.swift in Sources */ = {isa = PBXBuildFile; fileRef = 090243FD277DF5F3001C76A7 /* TodaysListViewModel.swift */; };
		09024407277E000E001C76A7 /* PhotoStatisticsEntity.swift in Sources */ = {isa = PBXBuildFile; fileRef = 09024406277E000E001C76A7 /* PhotoStatisticsEntity.swift */; };
		09024413277E03E4001C76A7 /* SearchPhotosViewModel.swift in Sources */ = {isa = PBXBuildFile; fileRef = 09024412277E03E4001C76A7 /* SearchPhotosViewModel.swift */; };
		09024417277E047E001C76A7 /* UserPhotosViewModel.swift in Sources */ = {isa = PBXBuildFile; fileRef = 09024416277E047E001C76A7 /* UserPhotosViewModel.swift */; };
		0902441B277E0C1E001C76A7 /* MockPhotosImpl.swift in Sources */ = {isa = PBXBuildFile; fileRef = 0902441A277E0C1E001C76A7 /* MockPhotosImpl.swift */; };
		0902441D277E0C37001C76A7 /* UnsplashPhotosImpl.swift in Sources */ = {isa = PBXBuildFile; fileRef = 0902441C277E0C37001C76A7 /* UnsplashPhotosImpl.swift */; };
		09024424277E11E7001C76A7 /* PhotoData.swift in Sources */ = {isa = PBXBuildFile; fileRef = 09024423277E11E7001C76A7 /* PhotoData.swift */; };
		09024426277E120A001C76A7 /* UserData.swift in Sources */ = {isa = PBXBuildFile; fileRef = 09024425277E120A001C76A7 /* UserData.swift */; };
		09024428277E13B7001C76A7 /* PhotoStatisticsData.swift in Sources */ = {isa = PBXBuildFile; fileRef = 09024427277E13B7001C76A7 /* PhotoStatisticsData.swift */; };
		0902442A277E1E15001C76A7 /* SearchPhotosData.swift in Sources */ = {isa = PBXBuildFile; fileRef = 09024429277E1E15001C76A7 /* SearchPhotosData.swift */; };
		0902442E277E37CA001C76A7 /* searchPhotosData.json in Resources */ = {isa = PBXBuildFile; fileRef = 0902442D277E37CA001C76A7 /* searchPhotosData.json */; };
		09024430277E37F8001C76A7 /* photoStatisticsData.json in Resources */ = {isa = PBXBuildFile; fileRef = 0902442F277E37F8001C76A7 /* photoStatisticsData.json */; };
		09024432277E3813001C76A7 /* userPhotosData.json in Resources */ = {isa = PBXBuildFile; fileRef = 09024431277E3813001C76A7 /* userPhotosData.json */; };
		09024435277F29A5001C76A7 /* SavePhotosInterface.swift in Sources */ = {isa = PBXBuildFile; fileRef = 09024434277F29A5001C76A7 /* SavePhotosInterface.swift */; };
		09024438277F3957001C76A7 /* CachePhotosImpl.swift in Sources */ = {isa = PBXBuildFile; fileRef = 09024437277F3957001C76A7 /* CachePhotosImpl.swift */; };
		0902443B277F996D001C76A7 /* PhotoRow.swift in Sources */ = {isa = PBXBuildFile; fileRef = 0902443A277F996D001C76A7 /* PhotoRow.swift */; };
		09FDB84C2780D2B000D0D9A8 /* View+Ext.swift in Sources */ = {isa = PBXBuildFile; fileRef = 09FDB84B2780D2B000D0D9A8 /* View+Ext.swift */; };
		09FDB8502783A9C100D0D9A8 /* TodaysListView.swift in Sources */ = {isa = PBXBuildFile; fileRef = 09FDB84F2783A9C100D0D9A8 /* TodaysListView.swift */; };
		09FDB8522783ABA200D0D9A8 /* UserPhotosView.swift in Sources */ = {isa = PBXBuildFile; fileRef = 09FDB8512783ABA200D0D9A8 /* UserPhotosView.swift */; };
		09FDB8542784C30900D0D9A8 /* SearchPhotosView.swift in Sources */ = {isa = PBXBuildFile; fileRef = 09FDB8532784C30900D0D9A8 /* SearchPhotosView.swift */; };
/* End PBXBuildFile section */

/* Begin PBXFileReference section */
		090243C4277DB8D0001C76A7 /* Wizz.app */ = {isa = PBXFileReference; explicitFileType = wrapper.application; includeInIndex = 0; path = Wizz.app; sourceTree = BUILT_PRODUCTS_DIR; };
		090243C7277DB8D0001C76A7 /* WizzApp.swift */ = {isa = PBXFileReference; lastKnownFileType = sourcecode.swift; path = WizzApp.swift; sourceTree = "<group>"; };
		090243C9277DB8D0001C76A7 /* ContentView.swift */ = {isa = PBXFileReference; lastKnownFileType = sourcecode.swift; path = ContentView.swift; sourceTree = "<group>"; };
		090243CB277DB8D3001C76A7 /* Assets.xcassets */ = {isa = PBXFileReference; lastKnownFileType = folder.assetcatalog; path = Assets.xcassets; sourceTree = "<group>"; };
		090243CE277DB8D3001C76A7 /* Preview Assets.xcassets */ = {isa = PBXFileReference; lastKnownFileType = folder.assetcatalog; path = "Preview Assets.xcassets"; sourceTree = "<group>"; };
		090243D6277DB956001C76A7 /* SampleCode.xcconfig */ = {isa = PBXFileReference; lastKnownFileType = text.xcconfig; path = SampleCode.xcconfig; sourceTree = "<group>"; };
		090243DD277DC536001C76A7 /* TodaysListMasterDetailView.swift */ = {isa = PBXFileReference; lastKnownFileType = sourcecode.swift; path = TodaysListMasterDetailView.swift; sourceTree = "<group>"; };
		090243DF277DC555001C76A7 /* SearchPhotosMasterDetailView.swift */ = {isa = PBXFileReference; lastKnownFileType = sourcecode.swift; path = SearchPhotosMasterDetailView.swift; sourceTree = "<group>"; };
		090243EF277DCF5A001C76A7 /* photosData.json */ = {isa = PBXFileReference; lastKnownFileType = text.json; path = photosData.json; sourceTree = "<group>"; };
		090243F5277DEE66001C76A7 /* FetchPhotosInterface.swift */ = {isa = PBXFileReference; lastKnownFileType = sourcecode.swift; path = FetchPhotosInterface.swift; sourceTree = "<group>"; };
		090243F7277DEEDA001C76A7 /* PhotoEntity.swift */ = {isa = PBXFileReference; lastKnownFileType = sourcecode.swift; path = PhotoEntity.swift; sourceTree = "<group>"; };
		090243F9277DEFCB001C76A7 /* UserEntity.swift */ = {isa = PBXFileReference; lastKnownFileType = sourcecode.swift; path = UserEntity.swift; sourceTree = "<group>"; };
		090243FB277DF021001C76A7 /* PhotosUseCase.swift */ = {isa = PBXFileReference; lastKnownFileType = sourcecode.swift; path = PhotosUseCase.swift; sourceTree = "<group>"; };
		090243FD277DF5F3001C76A7 /* TodaysListViewModel.swift */ = {isa = PBXFileReference; lastKnownFileType = sourcecode.swift; path = TodaysListViewModel.swift; sourceTree = "<group>"; };
		09024406277E000E001C76A7 /* PhotoStatisticsEntity.swift */ = {isa = PBXFileReference; lastKnownFileType = sourcecode.swift; path = PhotoStatisticsEntity.swift; sourceTree = "<group>"; };
		09024412277E03E4001C76A7 /* SearchPhotosViewModel.swift */ = {isa = PBXFileReference; lastKnownFileType = sourcecode.swift; path = SearchPhotosViewModel.swift; sourceTree = "<group>"; };
		09024416277E047E001C76A7 /* UserPhotosViewModel.swift */ = {isa = PBXFileReference; lastKnownFileType = sourcecode.swift; path = UserPhotosViewModel.swift; sourceTree = "<group>"; };
		0902441A277E0C1E001C76A7 /* MockPhotosImpl.swift */ = {isa = PBXFileReference; lastKnownFileType = sourcecode.swift; path = MockPhotosImpl.swift; sourceTree = "<group>"; };
		0902441C277E0C37001C76A7 /* UnsplashPhotosImpl.swift */ = {isa = PBXFileReference; lastKnownFileType = sourcecode.swift; path = UnsplashPhotosImpl.swift; sourceTree = "<group>"; };
		09024423277E11E7001C76A7 /* PhotoData.swift */ = {isa = PBXFileReference; lastKnownFileType = sourcecode.swift; path = PhotoData.swift; sourceTree = "<group>"; };
		09024425277E120A001C76A7 /* UserData.swift */ = {isa = PBXFileReference; lastKnownFileType = sourcecode.swift; path = UserData.swift; sourceTree = "<group>"; };
		09024427277E13B7001C76A7 /* PhotoStatisticsData.swift */ = {isa = PBXFileReference; lastKnownFileType = sourcecode.swift; path = PhotoStatisticsData.swift; sourceTree = "<group>"; };
		09024429277E1E15001C76A7 /* SearchPhotosData.swift */ = {isa = PBXFileReference; lastKnownFileType = sourcecode.swift; path = SearchPhotosData.swift; sourceTree = "<group>"; };
		0902442D277E37CA001C76A7 /* searchPhotosData.json */ = {isa = PBXFileReference; lastKnownFileType = text.json; path = searchPhotosData.json; sourceTree = "<group>"; };
		0902442F277E37F8001C76A7 /* photoStatisticsData.json */ = {isa = PBXFileReference; lastKnownFileType = text.json; path = photoStatisticsData.json; sourceTree = "<group>"; };
		09024431277E3813001C76A7 /* userPhotosData.json */ = {isa = PBXFileReference; lastKnownFileType = text.json; path = userPhotosData.json; sourceTree = "<group>"; };
		09024434277F29A5001C76A7 /* SavePhotosInterface.swift */ = {isa = PBXFileReference; lastKnownFileType = sourcecode.swift; path = SavePhotosInterface.swift; sourceTree = "<group>"; };
		09024437277F3957001C76A7 /* CachePhotosImpl.swift */ = {isa = PBXFileReference; lastKnownFileType = sourcecode.swift; path = CachePhotosImpl.swift; sourceTree = "<group>"; };
		0902443A277F996D001C76A7 /* PhotoRow.swift */ = {isa = PBXFileReference; lastKnownFileType = sourcecode.swift; path = PhotoRow.swift; sourceTree = "<group>"; };
		09FDB84B2780D2B000D0D9A8 /* View+Ext.swift */ = {isa = PBXFileReference; lastKnownFileType = sourcecode.swift; path = "View+Ext.swift"; sourceTree = "<group>"; };
		09FDB84F2783A9C100D0D9A8 /* TodaysListView.swift */ = {isa = PBXFileReference; lastKnownFileType = sourcecode.swift; path = TodaysListView.swift; sourceTree = "<group>"; };
		09FDB8512783ABA200D0D9A8 /* UserPhotosView.swift */ = {isa = PBXFileReference; lastKnownFileType = sourcecode.swift; path = UserPhotosView.swift; sourceTree = "<group>"; };
		09FDB8532784C30900D0D9A8 /* SearchPhotosView.swift */ = {isa = PBXFileReference; lastKnownFileType = sourcecode.swift; path = SearchPhotosView.swift; sourceTree = "<group>"; };
/* End PBXFileReference section */

/* Begin PBXFrameworksBuildPhase section */
		090243C1277DB8D0001C76A7 /* Frameworks */ = {
			isa = PBXFrameworksBuildPhase;
			buildActionMask = 2147483647;
			files = (
			);
			runOnlyForDeploymentPostprocessing = 0;
		};
/* End PBXFrameworksBuildPhase section */

/* Begin PBXGroup section */
		090243BB277DB8D0001C76A7 = {
			isa = PBXGroup;
			children = (
				090243C6277DB8D0001C76A7 /* Wizz */,
				090243D5277DB929001C76A7 /* Configuration */,
				090243C5277DB8D0001C76A7 /* Products */,
			);
			sourceTree = "<group>";
		};
		090243C5277DB8D0001C76A7 /* Products */ = {
			isa = PBXGroup;
			children = (
				090243C4277DB8D0001C76A7 /* Wizz.app */,
			);
			name = Products;
			sourceTree = "<group>";
		};
		090243C6277DB8D0001C76A7 /* Wizz */ = {
			isa = PBXGroup;
			children = (
				09FDB84A2780D29100D0D9A8 /* Extensions */,
				090243C7277DB8D0001C76A7 /* WizzApp.swift */,
				090243D7277DBA8F001C76A7 /* Presentation */,
				090243F1277DED1D001C76A7 /* BusinessLogic */,
				090243DC277DBDFE001C76A7 /* Data */,
				090243D8277DBA99001C76A7 /* Resources */,
				090243CD277DB8D3001C76A7 /* Preview Content */,
			);
			path = Wizz;
			sourceTree = "<group>";
		};
		090243CD277DB8D3001C76A7 /* Preview Content */ = {
			isa = PBXGroup;
			children = (
				090243CE277DB8D3001C76A7 /* Preview Assets.xcassets */,
			);
			path = "Preview Content";
			sourceTree = "<group>";
		};
		090243D5277DB929001C76A7 /* Configuration */ = {
			isa = PBXGroup;
			children = (
				090243D6277DB956001C76A7 /* SampleCode.xcconfig */,
			);
			path = Configuration;
			sourceTree = "<group>";
		};
		090243D7277DBA8F001C76A7 /* Presentation */ = {
			isa = PBXGroup;
			children = (
				090243C9277DB8D0001C76A7 /* ContentView.swift */,
				090243D9277DBBB3001C76A7 /* TodaysList */,
				090243DA277DBBC0001C76A7 /* UserPhotos */,
				090243DB277DBDE2001C76A7 /* SearchPhotos */,
				0902443C277FDF24001C76A7 /* Cell */,
			);
			path = Presentation;
			sourceTree = "<group>";
		};
		090243D8277DBA99001C76A7 /* Resources */ = {
			isa = PBXGroup;
			children = (
				090243CB277DB8D3001C76A7 /* Assets.xcassets */,
			);
			path = Resources;
			sourceTree = "<group>";
		};
		090243D9277DBBB3001C76A7 /* TodaysList */ = {
			isa = PBXGroup;
			children = (
				090243DD277DC536001C76A7 /* TodaysListMasterDetailView.swift */,
				09FDB84F2783A9C100D0D9A8 /* TodaysListView.swift */,
				090243FD277DF5F3001C76A7 /* TodaysListViewModel.swift */,
			);
			path = TodaysList;
			sourceTree = "<group>";
		};
		090243DA277DBBC0001C76A7 /* UserPhotos */ = {
			isa = PBXGroup;
			children = (
				09FDB8512783ABA200D0D9A8 /* UserPhotosView.swift */,
				09024416277E047E001C76A7 /* UserPhotosViewModel.swift */,
			);
			path = UserPhotos;
			sourceTree = "<group>";
		};
		090243DB277DBDE2001C76A7 /* SearchPhotos */ = {
			isa = PBXGroup;
			children = (
				090243DF277DC555001C76A7 /* SearchPhotosMasterDetailView.swift */,
				09FDB8532784C30900D0D9A8 /* SearchPhotosView.swift */,
				09024412277E03E4001C76A7 /* SearchPhotosViewModel.swift */,
			);
			path = SearchPhotos;
			sourceTree = "<group>";
		};
		090243DC277DBDFE001C76A7 /* Data */ = {
			isa = PBXGroup;
			children = (
				09024422277E11DC001C76A7 /* Models */,
				090243E7277DCA7C001C76A7 /* Sources */,
			);
			path = Data;
			sourceTree = "<group>";
		};
		090243E7277DCA7C001C76A7 /* Sources */ = {
			isa = PBXGroup;
			children = (
				09024436277F38DA001C76A7 /* Cache */,
				09024419277E0582001C76A7 /* Mock */,
				09024418277E056D001C76A7 /* Unsplash */,
			);
			path = Sources;
			sourceTree = "<group>";
		};
		090243F1277DED1D001C76A7 /* BusinessLogic */ = {
			isa = PBXGroup;
			children = (
				090243F4277DED95001C76A7 /* UseCases */,
				090243F3277DED78001C76A7 /* Entities */,
				090243F2277DED6C001C76A7 /* Interfaces */,
			);
			path = BusinessLogic;
			sourceTree = "<group>";
		};
		090243F2277DED6C001C76A7 /* Interfaces */ = {
			isa = PBXGroup;
			children = (
				090243F5277DEE66001C76A7 /* FetchPhotosInterface.swift */,
				09024434277F29A5001C76A7 /* SavePhotosInterface.swift */,
			);
			path = Interfaces;
			sourceTree = "<group>";
		};
		090243F3277DED78001C76A7 /* Entities */ = {
			isa = PBXGroup;
			children = (
				090243F7277DEEDA001C76A7 /* PhotoEntity.swift */,
				090243F9277DEFCB001C76A7 /* UserEntity.swift */,
				09024406277E000E001C76A7 /* PhotoStatisticsEntity.swift */,
			);
			path = Entities;
			sourceTree = "<group>";
		};
		090243F4277DED95001C76A7 /* UseCases */ = {
			isa = PBXGroup;
			children = (
				090243FB277DF021001C76A7 /* PhotosUseCase.swift */,
			);
			path = UseCases;
			sourceTree = "<group>";
		};
		09024418277E056D001C76A7 /* Unsplash */ = {
			isa = PBXGroup;
			children = (
				0902441C277E0C37001C76A7 /* UnsplashPhotosImpl.swift */,
			);
			path = Unsplash;
			sourceTree = "<group>";
		};
		09024419277E0582001C76A7 /* Mock */ = {
			isa = PBXGroup;
			children = (
				0902441A277E0C1E001C76A7 /* MockPhotosImpl.swift */,
				090243EF277DCF5A001C76A7 /* photosData.json */,
				09024431277E3813001C76A7 /* userPhotosData.json */,
				0902442F277E37F8001C76A7 /* photoStatisticsData.json */,
				0902442D277E37CA001C76A7 /* searchPhotosData.json */,
			);
			path = Mock;
			sourceTree = "<group>";
		};
		09024422277E11DC001C76A7 /* Models */ = {
			isa = PBXGroup;
			children = (
				09024423277E11E7001C76A7 /* PhotoData.swift */,
				09024425277E120A001C76A7 /* UserData.swift */,
				09024427277E13B7001C76A7 /* PhotoStatisticsData.swift */,
				09024429277E1E15001C76A7 /* SearchPhotosData.swift */,
			);
			path = Models;
			sourceTree = "<group>";
		};
		09024436277F38DA001C76A7 /* Cache */ = {
			isa = PBXGroup;
			children = (
				09024437277F3957001C76A7 /* CachePhotosImpl.swift */,
			);
			path = Cache;
			sourceTree = "<group>";
		};
		0902443C277FDF24001C76A7 /* Cell */ = {
			isa = PBXGroup;
			children = (
				0902443A277F996D001C76A7 /* PhotoRow.swift */,
			);
			path = Cell;
			sourceTree = "<group>";
		};
		09FDB84A2780D29100D0D9A8 /* Extensions */ = {
			isa = PBXGroup;
			children = (
				09FDB84B2780D2B000D0D9A8 /* View+Ext.swift */,
			);
			path = Extensions;
			sourceTree = "<group>";
		};
/* End PBXGroup section */

/* Begin PBXNativeTarget section */
		090243C3277DB8D0001C76A7 /* Wizz */ = {
			isa = PBXNativeTarget;
			buildConfigurationList = 090243D2277DB8D3001C76A7 /* Build configuration list for PBXNativeTarget "Wizz" */;
			buildPhases = (
				090243C0277DB8D0001C76A7 /* Sources */,
				090243C1277DB8D0001C76A7 /* Frameworks */,
				090243C2277DB8D0001C76A7 /* Resources */,
			);
			buildRules = (
			);
			dependencies = (
			);
			name = Wizz;
			productName = Wizz;
			productReference = 090243C4277DB8D0001C76A7 /* Wizz.app */;
			productType = "com.apple.product-type.application";
		};
/* End PBXNativeTarget section */

/* Begin PBXProject section */
		090243BC277DB8D0001C76A7 /* Project object */ = {
			isa = PBXProject;
			attributes = {
				BuildIndependentTargetsInParallel = 1;
				LastSwiftUpdateCheck = 1300;
				LastUpgradeCheck = 1300;
				TargetAttributes = {
					090243C3277DB8D0001C76A7 = {
						CreatedOnToolsVersion = 13.0;
					};
				};
			};
			buildConfigurationList = 090243BF277DB8D0001C76A7 /* Build configuration list for PBXProject "Wizz" */;
			compatibilityVersion = "Xcode 13.0";
			developmentRegion = en;
			hasScannedForEncodings = 0;
			knownRegions = (
				en,
				Base,
			);
			mainGroup = 090243BB277DB8D0001C76A7;
			productRefGroup = 090243C5277DB8D0001C76A7 /* Products */;
			projectDirPath = "";
			projectRoot = "";
			targets = (
				090243C3277DB8D0001C76A7 /* Wizz */,
			);
		};
/* End PBXProject section */

/* Begin PBXResourcesBuildPhase section */
		090243C2277DB8D0001C76A7 /* Resources */ = {
			isa = PBXResourcesBuildPhase;
			buildActionMask = 2147483647;
			files = (
				090243CF277DB8D3001C76A7 /* Preview Assets.xcassets in Resources */,
				09024432277E3813001C76A7 /* userPhotosData.json in Resources */,
				090243F0277DCF5A001C76A7 /* photosData.json in Resources */,
				0902442E277E37CA001C76A7 /* searchPhotosData.json in Resources */,
				09024430277E37F8001C76A7 /* photoStatisticsData.json in Resources */,
				090243CC277DB8D3001C76A7 /* Assets.xcassets in Resources */,
			);
			runOnlyForDeploymentPostprocessing = 0;
		};
/* End PBXResourcesBuildPhase section */

/* Begin PBXSourcesBuildPhase section */
		090243C0277DB8D0001C76A7 /* Sources */ = {
			isa = PBXSourcesBuildPhase;
			buildActionMask = 2147483647;
			files = (
				090243CA277DB8D0001C76A7 /* ContentView.swift in Sources */,
				090243F6277DEE66001C76A7 /* FetchPhotosInterface.swift in Sources */,
				09024428277E13B7001C76A7 /* PhotoStatisticsData.swift in Sources */,
				090243FE277DF5F3001C76A7 /* TodaysListViewModel.swift in Sources */,
				090243DE277DC536001C76A7 /* TodaysListMasterDetailView.swift in Sources */,
				09024424277E11E7001C76A7 /* PhotoData.swift in Sources */,
				090243F8277DEEDA001C76A7 /* PhotoEntity.swift in Sources */,
				0902442A277E1E15001C76A7 /* SearchPhotosData.swift in Sources */,
				09024417277E047E001C76A7 /* UserPhotosViewModel.swift in Sources */,
				09FDB8522783ABA200D0D9A8 /* UserPhotosView.swift in Sources */,
				09024407277E000E001C76A7 /* PhotoStatisticsEntity.swift in Sources */,
				090243FC277DF021001C76A7 /* PhotosUseCase.swift in Sources */,
				09024426277E120A001C76A7 /* UserData.swift in Sources */,
				09FDB84C2780D2B000D0D9A8 /* View+Ext.swift in Sources */,
				090243FA277DEFCB001C76A7 /* UserEntity.swift in Sources */,
				090243C8277DB8D0001C76A7 /* WizzApp.swift in Sources */,
				09FDB8502783A9C100D0D9A8 /* TodaysListView.swift in Sources */,
				0902441B277E0C1E001C76A7 /* MockPhotosImpl.swift in Sources */,
				0902443B277F996D001C76A7 /* PhotoRow.swift in Sources */,
				09024435277F29A5001C76A7 /* SavePhotosInterface.swift in Sources */,
				090243E0277DC555001C76A7 /* SearchPhotosMasterDetailView.swift in Sources */,
				09FDB8542784C30900D0D9A8 /* SearchPhotosView.swift in Sources */,
				09024438277F3957001C76A7 /* CachePhotosImpl.swift in Sources */,
				0902441D277E0C37001C76A7 /* UnsplashPhotosImpl.swift in Sources */,
				09024413277E03E4001C76A7 /* SearchPhotosViewModel.swift in Sources */,
			);
			runOnlyForDeploymentPostprocessing = 0;
		};
/* End PBXSourcesBuildPhase section */

/* Begin XCBuildConfiguration section */
		090243D0277DB8D3001C76A7 /* Debug */ = {
			isa = XCBuildConfiguration;
			buildSettings = {
				ALWAYS_SEARCH_USER_PATHS = NO;
				CLANG_ANALYZER_NONNULL = YES;
				CLANG_ANALYZER_NUMBER_OBJECT_CONVERSION = YES_AGGRESSIVE;
				CLANG_CXX_LANGUAGE_STANDARD = "gnu++17";
				CLANG_CXX_LIBRARY = "libc++";
				CLANG_ENABLE_MODULES = YES;
				CLANG_ENABLE_OBJC_ARC = YES;
				CLANG_ENABLE_OBJC_WEAK = YES;
				CLANG_WARN_BLOCK_CAPTURE_AUTORELEASING = YES;
				CLANG_WARN_BOOL_CONVERSION = YES;
				CLANG_WARN_COMMA = YES;
				CLANG_WARN_CONSTANT_CONVERSION = YES;
				CLANG_WARN_DEPRECATED_OBJC_IMPLEMENTATIONS = YES;
				CLANG_WARN_DIRECT_OBJC_ISA_USAGE = YES_ERROR;
				CLANG_WARN_DOCUMENTATION_COMMENTS = YES;
				CLANG_WARN_EMPTY_BODY = YES;
				CLANG_WARN_ENUM_CONVERSION = YES;
				CLANG_WARN_INFINITE_RECURSION = YES;
				CLANG_WARN_INT_CONVERSION = YES;
				CLANG_WARN_NON_LITERAL_NULL_CONVERSION = YES;
				CLANG_WARN_OBJC_IMPLICIT_RETAIN_SELF = YES;
				CLANG_WARN_OBJC_LITERAL_CONVERSION = YES;
				CLANG_WARN_OBJC_ROOT_CLASS = YES_ERROR;
				CLANG_WARN_QUOTED_INCLUDE_IN_FRAMEWORK_HEADER = YES;
				CLANG_WARN_RANGE_LOOP_ANALYSIS = YES;
				CLANG_WARN_STRICT_PROTOTYPES = YES;
				CLANG_WARN_SUSPICIOUS_MOVE = YES;
				CLANG_WARN_UNGUARDED_AVAILABILITY = YES_AGGRESSIVE;
				CLANG_WARN_UNREACHABLE_CODE = YES;
				CLANG_WARN__DUPLICATE_METHOD_MATCH = YES;
				COPY_PHASE_STRIP = NO;
				DEBUG_INFORMATION_FORMAT = dwarf;
				ENABLE_STRICT_OBJC_MSGSEND = YES;
				ENABLE_TESTABILITY = YES;
				GCC_C_LANGUAGE_STANDARD = gnu11;
				GCC_DYNAMIC_NO_PIC = NO;
				GCC_NO_COMMON_BLOCKS = YES;
				GCC_OPTIMIZATION_LEVEL = 0;
				GCC_PREPROCESSOR_DEFINITIONS = (
					"DEBUG=1",
					"$(inherited)",
				);
				GCC_WARN_64_TO_32_BIT_CONVERSION = YES;
				GCC_WARN_ABOUT_RETURN_TYPE = YES_ERROR;
				GCC_WARN_UNDECLARED_SELECTOR = YES;
				GCC_WARN_UNINITIALIZED_AUTOS = YES_AGGRESSIVE;
				GCC_WARN_UNUSED_FUNCTION = YES;
				GCC_WARN_UNUSED_VARIABLE = YES;
				IPHONEOS_DEPLOYMENT_TARGET = 15.0;
				MTL_ENABLE_DEBUG_INFO = INCLUDE_SOURCE;
				MTL_FAST_MATH = YES;
				ONLY_ACTIVE_ARCH = YES;
				SDKROOT = iphoneos;
				SWIFT_ACTIVE_COMPILATION_CONDITIONS = DEBUG;
				SWIFT_OPTIMIZATION_LEVEL = "-Onone";
			};
			name = Debug;
		};
		090243D1277DB8D3001C76A7 /* Release */ = {
			isa = XCBuildConfiguration;
			buildSettings = {
				ALWAYS_SEARCH_USER_PATHS = NO;
				CLANG_ANALYZER_NONNULL = YES;
				CLANG_ANALYZER_NUMBER_OBJECT_CONVERSION = YES_AGGRESSIVE;
				CLANG_CXX_LANGUAGE_STANDARD = "gnu++17";
				CLANG_CXX_LIBRARY = "libc++";
				CLANG_ENABLE_MODULES = YES;
				CLANG_ENABLE_OBJC_ARC = YES;
				CLANG_ENABLE_OBJC_WEAK = YES;
				CLANG_WARN_BLOCK_CAPTURE_AUTORELEASING = YES;
				CLANG_WARN_BOOL_CONVERSION = YES;
				CLANG_WARN_COMMA = YES;
				CLANG_WARN_CONSTANT_CONVERSION = YES;
				CLANG_WARN_DEPRECATED_OBJC_IMPLEMENTATIONS = YES;
				CLANG_WARN_DIRECT_OBJC_ISA_USAGE = YES_ERROR;
				CLANG_WARN_DOCUMENTATION_COMMENTS = YES;
				CLANG_WARN_EMPTY_BODY = YES;
				CLANG_WARN_ENUM_CONVERSION = YES;
				CLANG_WARN_INFINITE_RECURSION = YES;
				CLANG_WARN_INT_CONVERSION = YES;
				CLANG_WARN_NON_LITERAL_NULL_CONVERSION = YES;
				CLANG_WARN_OBJC_IMPLICIT_RETAIN_SELF = YES;
				CLANG_WARN_OBJC_LITERAL_CONVERSION = YES;
				CLANG_WARN_OBJC_ROOT_CLASS = YES_ERROR;
				CLANG_WARN_QUOTED_INCLUDE_IN_FRAMEWORK_HEADER = YES;
				CLANG_WARN_RANGE_LOOP_ANALYSIS = YES;
				CLANG_WARN_STRICT_PROTOTYPES = YES;
				CLANG_WARN_SUSPICIOUS_MOVE = YES;
				CLANG_WARN_UNGUARDED_AVAILABILITY = YES_AGGRESSIVE;
				CLANG_WARN_UNREACHABLE_CODE = YES;
				CLANG_WARN__DUPLICATE_METHOD_MATCH = YES;
				COPY_PHASE_STRIP = NO;
				DEBUG_INFORMATION_FORMAT = "dwarf-with-dsym";
				ENABLE_NS_ASSERTIONS = NO;
				ENABLE_STRICT_OBJC_MSGSEND = YES;
				GCC_C_LANGUAGE_STANDARD = gnu11;
				GCC_NO_COMMON_BLOCKS = YES;
				GCC_WARN_64_TO_32_BIT_CONVERSION = YES;
				GCC_WARN_ABOUT_RETURN_TYPE = YES_ERROR;
				GCC_WARN_UNDECLARED_SELECTOR = YES;
				GCC_WARN_UNINITIALIZED_AUTOS = YES_AGGRESSIVE;
				GCC_WARN_UNUSED_FUNCTION = YES;
				GCC_WARN_UNUSED_VARIABLE = YES;
				IPHONEOS_DEPLOYMENT_TARGET = 15.0;
				MTL_ENABLE_DEBUG_INFO = NO;
				MTL_FAST_MATH = YES;
				SDKROOT = iphoneos;
				SWIFT_COMPILATION_MODE = wholemodule;
				SWIFT_OPTIMIZATION_LEVEL = "-O";
				VALIDATE_PRODUCT = YES;
			};
			name = Release;
		};
		090243D3277DB8D3001C76A7 /* Debug */ = {
			isa = XCBuildConfiguration;
			buildSettings = {
				ASSETCATALOG_COMPILER_APPICON_NAME = AppIcon;
				ASSETCATALOG_COMPILER_GLOBAL_ACCENT_COLOR_NAME = AccentColor;
				CODE_SIGN_STYLE = Automatic;
				CURRENT_PROJECT_VERSION = 1;
				DEVELOPMENT_ASSET_PATHS = "\"Wizz/Preview Content\"";
				DEVELOPMENT_TEAM = 5T8PPM9YWG;
				ENABLE_PREVIEWS = YES;
				GENERATE_INFOPLIST_FILE = YES;
				INFOPLIST_KEY_UIApplicationSceneManifest_Generation = YES;
				INFOPLIST_KEY_UIApplicationSupportsIndirectInputEvents = YES;
				INFOPLIST_KEY_UILaunchScreen_Generation = YES;
				INFOPLIST_KEY_UISupportedInterfaceOrientations_iPad = "UIInterfaceOrientationPortrait UIInterfaceOrientationPortraitUpsideDown UIInterfaceOrientationLandscapeLeft UIInterfaceOrientationLandscapeRight";
				INFOPLIST_KEY_UISupportedInterfaceOrientations_iPhone = "UIInterfaceOrientationPortrait UIInterfaceOrientationLandscapeLeft UIInterfaceOrientationLandscapeRight";
				IPHONEOS_DEPLOYMENT_TARGET = 15.0;
				LD_RUNPATH_SEARCH_PATHS = (
					"$(inherited)",
					"@executable_path/Frameworks",
				);
				MARKETING_VERSION = 1.0;
				PRODUCT_BUNDLE_IDENTIFIER = "com.sebg.Wizz${SAMPLE_CODE_DISAMBIGUATOR}";
				PRODUCT_NAME = "$(TARGET_NAME)";
				SWIFT_EMIT_LOC_STRINGS = YES;
				SWIFT_VERSION = 5.0;
				TARGETED_DEVICE_FAMILY = "1,2";
			};
			name = Debug;
		};
		090243D4277DB8D3001C76A7 /* Release */ = {
			isa = XCBuildConfiguration;
			buildSettings = {
				ASSETCATALOG_COMPILER_APPICON_NAME = AppIcon;
				ASSETCATALOG_COMPILER_GLOBAL_ACCENT_COLOR_NAME = AccentColor;
				CODE_SIGN_STYLE = Automatic;
				CURRENT_PROJECT_VERSION = 1;
				DEVELOPMENT_ASSET_PATHS = "\"Wizz/Preview Content\"";
				DEVELOPMENT_TEAM = 5T8PPM9YWG;
				ENABLE_PREVIEWS = YES;
				GENERATE_INFOPLIST_FILE = YES;
				INFOPLIST_KEY_UIApplicationSceneManifest_Generation = YES;
				INFOPLIST_KEY_UIApplicationSupportsIndirectInputEvents = YES;
				INFOPLIST_KEY_UILaunchScreen_Generation = YES;
				INFOPLIST_KEY_UISupportedInterfaceOrientations_iPad = "UIInterfaceOrientationPortrait UIInterfaceOrientationPortraitUpsideDown UIInterfaceOrientationLandscapeLeft UIInterfaceOrientationLandscapeRight";
				INFOPLIST_KEY_UISupportedInterfaceOrientations_iPhone = "UIInterfaceOrientationPortrait UIInterfaceOrientationLandscapeLeft UIInterfaceOrientationLandscapeRight";
				IPHONEOS_DEPLOYMENT_TARGET = 15.0;
				LD_RUNPATH_SEARCH_PATHS = (
					"$(inherited)",
					"@executable_path/Frameworks",
				);
				MARKETING_VERSION = 1.0;
				PRODUCT_BUNDLE_IDENTIFIER = "com.sebg.Wizz${SAMPLE_CODE_DISAMBIGUATOR}";
				PRODUCT_NAME = "$(TARGET_NAME)";
				SWIFT_EMIT_LOC_STRINGS = YES;
				SWIFT_VERSION = 5.0;
				TARGETED_DEVICE_FAMILY = "1,2";
			};
			name = Release;
		};
/* End XCBuildConfiguration section */

/* Begin XCConfigurationList section */
		090243BF277DB8D0001C76A7 /* Build configuration list for PBXProject "Wizz" */ = {
			isa = XCConfigurationList;
			buildConfigurations = (
				090243D0277DB8D3001C76A7 /* Debug */,
				090243D1277DB8D3001C76A7 /* Release */,
			);
			defaultConfigurationIsVisible = 0;
			defaultConfigurationName = Release;
		};
		090243D2277DB8D3001C76A7 /* Build configuration list for PBXNativeTarget "Wizz" */ = {
			isa = XCConfigurationList;
			buildConfigurations = (
				090243D3277DB8D3001C76A7 /* Debug */,
				090243D4277DB8D3001C76A7 /* Release */,
			);
			defaultConfigurationIsVisible = 0;
			defaultConfigurationName = Release;
		};
/* End XCConfigurationList section */
	};
	rootObject = 090243BC277DB8D0001C76A7 /* Project object */;
}
